
Microsoft Visual Studio Solution File, Format Version 12.00
# Visual Studio Version 16
VisualStudioVersion = 16.0.32228.343
MinimumVisualStudioVersion = 10.0.40219.1
Project("{FAE04EC0-301F-11D3-BF4B-00C04F79EFBC}") = "WebService", "WebService\WebService.csproj", "{BFC5B945-126B-4A2C-94DF-754B048F3AF5}"
EndProject
Project("{FAE04EC0-301F-11D3-BF4B-00C04F79EFBC}") = "App_console", "App_console\App_console.csproj", "{ED5C3D28-9BC8-43C2-9651-6237838DED46}"
EndProject
Global
	GlobalSection(SolutionConfigurationPlatforms) = preSolution
		Debug|Any CPU = Debug|Any CPU
		Release|Any CPU = Release|Any CPU
	EndGlobalSection
	GlobalSection(ProjectConfigurationPlatforms) = postSolution
		{BFC5B945-126B-4A2C-94DF-754B048F3AF5}.Debug|Any CPU.ActiveCfg = Debug|Any CPU
		{BFC5B945-126B-4A2C-94DF-754B048F3AF5}.Debug|Any CPU.Build.0 = Debug|Any CPU
		{BFC5B945-126B-4A2C-94DF-754B048F3AF5}.Release|Any CPU.ActiveCfg = Release|Any CPU
		{BFC5B945-126B-4A2C-94DF-754B048F3AF5}.Release|Any CPU.Build.0 = Release|Any CPU
		{ED5C3D28-9BC8-43C2-9651-6237838DED46}.Debug|Any CPU.ActiveCfg = Debug|Any CPU
		{ED5C3D28-9BC8-43C2-9651-6237838DED46}.Debug|Any CPU.Build.0 = Debug|Any CPU
		{ED5C3D28-9BC8-43C2-9651-6237838DED46}.Release|Any CPU.ActiveCfg = Release|Any CPU
		{ED5C3D28-9BC8-43C2-9651-6237838DED46}.Release|Any CPU.Build.0 = Release|Any CPU
	EndGlobalSection
	GlobalSection(SolutionProperties) = preSolution
		HideSolutionNode = FALSE
	EndGlobalSection
	GlobalSection(ExtensibilityGlobals) = postSolution
		SolutionGuid = {D8AA9A80-127D-429A-A123-6D12C47A840A}
	EndGlobalSection
EndGlobal
