
Microsoft Visual Studio Solution File, Format Version 12.00
# Visual Studio Version 16
VisualStudioVersion = 16.0.32228.343
MinimumVisualStudioVersion = 10.0.40219.1
Project("{9A19103F-16F7-4668-BE54-9A1E7A4F7556}") = "ClientForWebService", "ClientForWebService\ClientForWebService.csproj", "{1DB26882-2EC7-44C5-A2D5-CE7E0D1BBA2F}"
EndProject
Project("{FAE04EC0-301F-11D3-BF4B-00C04F79EFBC}") = "WcfService1", "WcfService1\WcfService1.csproj", "{C61501CD-55C2-40B5-A827-9BEBC20A651A}"
	ProjectSection(ProjectDependencies) = postProject
		{DB69BA3F-9D35-4829-9B44-A44167B663E9} = {DB69BA3F-9D35-4829-9B44-A44167B663E9}
		{98EE6665-E3D0-47EC-B0F3-C0B16114C184} = {98EE6665-E3D0-47EC-B0F3-C0B16114C184}
		{8643C36F-A426-49C1-8F3F-300658F303A0} = {8643C36F-A426-49C1-8F3F-300658F303A0}
	EndProjectSection
EndProject
Project("{FAE04EC0-301F-11D3-BF4B-00C04F79EFBC}") = "DTO", "DTO\DTO.csproj", "{DB69BA3F-9D35-4829-9B44-A44167B663E9}"
EndProject
Project("{FAE04EC0-301F-11D3-BF4B-00C04F79EFBC}") = "DAL", "DAL\DAL.csproj", "{98EE6665-E3D0-47EC-B0F3-C0B16114C184}"
	ProjectSection(ProjectDependencies) = postProject
		{DB69BA3F-9D35-4829-9B44-A44167B663E9} = {DB69BA3F-9D35-4829-9B44-A44167B663E9}
	EndProjectSection
EndProject
Project("{FAE04EC0-301F-11D3-BF4B-00C04F79EFBC}") = "BLL", "BLL\BLL.csproj", "{8643C36F-A426-49C1-8F3F-300658F303A0}"
	ProjectSection(ProjectDependencies) = postProject
		{DB69BA3F-9D35-4829-9B44-A44167B663E9} = {DB69BA3F-9D35-4829-9B44-A44167B663E9}
		{98EE6665-E3D0-47EC-B0F3-C0B16114C184} = {98EE6665-E3D0-47EC-B0F3-C0B16114C184}
	EndProjectSection
EndProject
Global
	GlobalSection(SolutionConfigurationPlatforms) = preSolution
		Debug|Any CPU = Debug|Any CPU
		Release|Any CPU = Release|Any CPU
	EndGlobalSection
	GlobalSection(ProjectConfigurationPlatforms) = postSolution
		{1DB26882-2EC7-44C5-A2D5-CE7E0D1BBA2F}.Debug|Any CPU.ActiveCfg = Debug|Any CPU
		{1DB26882-2EC7-44C5-A2D5-CE7E0D1BBA2F}.Debug|Any CPU.Build.0 = Debug|Any CPU
		{1DB26882-2EC7-44C5-A2D5-CE7E0D1BBA2F}.Release|Any CPU.ActiveCfg = Release|Any CPU
		{1DB26882-2EC7-44C5-A2D5-CE7E0D1BBA2F}.Release|Any CPU.Build.0 = Release|Any CPU
		{C61501CD-55C2-40B5-A827-9BEBC20A651A}.Debug|Any CPU.ActiveCfg = Debug|Any CPU
		{C61501CD-55C2-40B5-A827-9BEBC20A651A}.Debug|Any CPU.Build.0 = Debug|Any CPU
		{C61501CD-55C2-40B5-A827-9BEBC20A651A}.Release|Any CPU.ActiveCfg = Release|Any CPU
		{C61501CD-55C2-40B5-A827-9BEBC20A651A}.Release|Any CPU.Build.0 = Release|Any CPU
		{DB69BA3F-9D35-4829-9B44-A44167B663E9}.Debug|Any CPU.ActiveCfg = Debug|Any CPU
		{DB69BA3F-9D35-4829-9B44-A44167B663E9}.Debug|Any CPU.Build.0 = Debug|Any CPU
		{DB69BA3F-9D35-4829-9B44-A44167B663E9}.Release|Any CPU.ActiveCfg = Release|Any CPU
		{DB69BA3F-9D35-4829-9B44-A44167B663E9}.Release|Any CPU.Build.0 = Release|Any CPU
		{98EE6665-E3D0-47EC-B0F3-C0B16114C184}.Debug|Any CPU.ActiveCfg = Debug|Any CPU
		{98EE6665-E3D0-47EC-B0F3-C0B16114C184}.Debug|Any CPU.Build.0 = Debug|Any CPU
		{98EE6665-E3D0-47EC-B0F3-C0B16114C184}.Release|Any CPU.ActiveCfg = Release|Any CPU
		{98EE6665-E3D0-47EC-B0F3-C0B16114C184}.Release|Any CPU.Build.0 = Release|Any CPU
		{8643C36F-A426-49C1-8F3F-300658F303A0}.Debug|Any CPU.ActiveCfg = Debug|Any CPU
		{8643C36F-A426-49C1-8F3F-300658F303A0}.Debug|Any CPU.Build.0 = Debug|Any CPU
		{8643C36F-A426-49C1-8F3F-300658F303A0}.Release|Any CPU.ActiveCfg = Release|Any CPU
		{8643C36F-A426-49C1-8F3F-300658F303A0}.Release|Any CPU.Build.0 = Release|Any CPU
	EndGlobalSection
	GlobalSection(SolutionProperties) = preSolution
		HideSolutionNode = FALSE
	EndGlobalSection
	GlobalSection(ExtensibilityGlobals) = postSolution
		SolutionGuid = {D8AA9A80-127D-429A-A123-6D12C47A840A}
	EndGlobalSection
EndGlobal
